
Microsoft Visual Studio Solution File, Format Version 12.00
# Visual Studio Version 17
VisualStudioVersion = 17.6.33723.286
MinimumVisualStudioVersion = 10.0.40219.1
Project("{FAE04EC0-301F-11D3-BF4B-00C04F79EFBC}") = "EmployeeBookXpert", "EmployeeBookXpert.csproj", "{83BF5207-4087-4151-BACF-4B9001B4A51F}"
EndProject
Global
	GlobalSection(SolutionConfigurationPlatforms) = preSolution
		Debug|Any CPU = Debug|Any CPU
		Release|Any CPU = Release|Any CPU
	EndGlobalSection
	GlobalSection(ProjectConfigurationPlatforms) = postSolution
		{83BF5207-4087-4151-BACF-4B9001B4A51F}.Debug|Any CPU.ActiveCfg = Debug|Any CPU
		{83BF5207-4087-4151-BACF-4B9001B4A51F}.Debug|Any CPU.Build.0 = Debug|Any CPU
		{83BF5207-4087-4151-BACF-4B9001B4A51F}.Release|Any CPU.ActiveCfg = Release|Any CPU
		{83BF5207-4087-4151-BACF-4B9001B4A51F}.Release|Any CPU.Build.0 = Release|Any CPU
	EndGlobalSection
	GlobalSection(SolutionProperties) = preSolution
		HideSolutionNode = FALSE
	EndGlobalSection
	GlobalSection(ExtensibilityGlobals) = postSolution
		SolutionGuid = {6FE9018E-070A-445E-A8EE-5F13BED7582D}
	EndGlobalSection
EndGlobal
